
Microsoft Visual Studio Solution File, Format Version 12.00
# Visual Studio Version 16
VisualStudioVersion = 16.0.32228.343
MinimumVisualStudioVersion = 10.0.40219.1
Project("{FAE04EC0-301F-11D3-BF4B-00C04F79EFBC}") = "UniversityRestApi", "UniversityRestApi\UniversityRestApi.csproj", "{42FF61FA-BC60-495F-8017-96A9FAE7C5FE}"
EndProject
Project("{FAE04EC0-301F-11D3-BF4B-00C04F79EFBC}") = "UniversityClientApp", "UniversityClientApp\UniversityClientApp.csproj", "{E01417A6-F1E9-4264-A73B-06131178C4F3}"
EndProject
Project("{FAE04EC0-301F-11D3-BF4B-00C04F79EFBC}") = "UniversityContracts", "UniversityContracts\UniversityContracts.csproj", "{F6F98A90-AC21-426F-B5D2-CA85DD918EFD}"
EndProject
Project("{FAE04EC0-301F-11D3-BF4B-00C04F79EFBC}") = "UniversityBusinessLogic", "UniversityBusinessLogic\UniversityBusinessLogic.csproj", "{BA7E60E4-BC58-490C-9EAF-907AB1D21C8E}"
EndProject
Project("{FAE04EC0-301F-11D3-BF4B-00C04F79EFBC}") = "UniversityDatabaseImplement", "UniversityDatabaseImplement\UniversityDatabaseImplement.csproj", "{F329DFC9-72D2-429A-90F5-6FBBE69C6A24}"
EndProject
Global
	GlobalSection(SolutionConfigurationPlatforms) = preSolution
		Debug|Any CPU = Debug|Any CPU
		Release|Any CPU = Release|Any CPU
	EndGlobalSection
	GlobalSection(ProjectConfigurationPlatforms) = postSolution
		{42FF61FA-BC60-495F-8017-96A9FAE7C5FE}.Debug|Any CPU.ActiveCfg = Debug|Any CPU
		{42FF61FA-BC60-495F-8017-96A9FAE7C5FE}.Debug|Any CPU.Build.0 = Debug|Any CPU
		{42FF61FA-BC60-495F-8017-96A9FAE7C5FE}.Release|Any CPU.ActiveCfg = Release|Any CPU
		{42FF61FA-BC60-495F-8017-96A9FAE7C5FE}.Release|Any CPU.Build.0 = Release|Any CPU
		{E01417A6-F1E9-4264-A73B-06131178C4F3}.Debug|Any CPU.ActiveCfg = Debug|Any CPU
		{E01417A6-F1E9-4264-A73B-06131178C4F3}.Debug|Any CPU.Build.0 = Debug|Any CPU
		{E01417A6-F1E9-4264-A73B-06131178C4F3}.Release|Any CPU.ActiveCfg = Release|Any CPU
		{E01417A6-F1E9-4264-A73B-06131178C4F3}.Release|Any CPU.Build.0 = Release|Any CPU
		{F6F98A90-AC21-426F-B5D2-CA85DD918EFD}.Debug|Any CPU.ActiveCfg = Debug|Any CPU
		{F6F98A90-AC21-426F-B5D2-CA85DD918EFD}.Debug|Any CPU.Build.0 = Debug|Any CPU
		{F6F98A90-AC21-426F-B5D2-CA85DD918EFD}.Release|Any CPU.ActiveCfg = Release|Any CPU
		{F6F98A90-AC21-426F-B5D2-CA85DD918EFD}.Release|Any CPU.Build.0 = Release|Any CPU
		{BA7E60E4-BC58-490C-9EAF-907AB1D21C8E}.Debug|Any CPU.ActiveCfg = Debug|Any CPU
		{BA7E60E4-BC58-490C-9EAF-907AB1D21C8E}.Debug|Any CPU.Build.0 = Debug|Any CPU
		{BA7E60E4-BC58-490C-9EAF-907AB1D21C8E}.Release|Any CPU.ActiveCfg = Release|Any CPU
		{BA7E60E4-BC58-490C-9EAF-907AB1D21C8E}.Release|Any CPU.Build.0 = Release|Any CPU
		{F329DFC9-72D2-429A-90F5-6FBBE69C6A24}.Debug|Any CPU.ActiveCfg = Debug|Any CPU
		{F329DFC9-72D2-429A-90F5-6FBBE69C6A24}.Debug|Any CPU.Build.0 = Debug|Any CPU
		{F329DFC9-72D2-429A-90F5-6FBBE69C6A24}.Release|Any CPU.ActiveCfg = Release|Any CPU
		{F329DFC9-72D2-429A-90F5-6FBBE69C6A24}.Release|Any CPU.Build.0 = Release|Any CPU
	EndGlobalSection
	GlobalSection(SolutionProperties) = preSolution
		HideSolutionNode = FALSE
	EndGlobalSection
	GlobalSection(ExtensibilityGlobals) = postSolution
		SolutionGuid = {DDD0FF71-DD45-479B-B795-E9F410C948D8}
	EndGlobalSection
EndGlobal
